
Microsoft Visual Studio Solution File, Format Version 12.00
# Visual Studio Version 17
VisualStudioVersion = 17.0.31903.59
MinimumVisualStudioVersion = 10.0.40219.1
Project("{2150E333-8FDC-42A3-9474-1A3956D46DE8}") = "src", "src", "{827E0CD3-B72D-47B6-A68D-7590B98EB39B}"
EndProject
Project("{FAE04EC0-301F-11D3-BF4B-00C04F79EFBC}") = "WitchDrawer.App", "src\WitchDrawer.App\WitchDrawer.App.csproj", "{40A37CB9-D044-4565-AFD2-E287571CB415}"
EndProject
Project("{FAE04EC0-301F-11D3-BF4B-00C04F79EFBC}") = "WitchDrawer.Core", "src\WitchDrawer.Core\WitchDrawer.Core.csproj", "{4888C537-BCDF-4774-8392-820F16F0CC43}"
EndProject
Project("{FAE04EC0-301F-11D3-BF4B-00C04F79EFBC}") = "WitchDrawer.Native", "src\WitchDrawer.Native\WitchDrawer.Native.csproj", "{5BE123AC-E7AA-4F4C-8E23-91D9D9FA6C5A}"
EndProject
Project("{2150E333-8FDC-42A3-9474-1A3956D46DE8}") = "tests", "tests", "{0AB3BF05-4346-4AA6-1389-037BE0695223}"
EndProject
Project("{FAE04EC0-301F-11D3-BF4B-00C04F79EFBC}") = "WitchDrawer.Core.Tests", "tests\WitchDrawer.Core.Tests\WitchDrawer.Core.Tests.csproj", "{86D39582-EB72-41EF-85AB-3CFFB135BDF5}"
EndProject
Project("{FAE04EC0-301F-11D3-BF4B-00C04F79EFBC}") = "WitchDrawer.App.Tests", "tests\WitchDrawer.App.Tests\WitchDrawer.App.Tests.csproj", "{05EC36C1-3B00-4EDC-B733-83D9A5EA136C}"
EndProject
Global
	GlobalSection(SolutionConfigurationPlatforms) = preSolution
		Debug|Any CPU = Debug|Any CPU
		Debug|x64 = Debug|x64
		Debug|x86 = Debug|x86
		Release|Any CPU = Release|Any CPU
		Release|x64 = Release|x64
		Release|x86 = Release|x86
	EndGlobalSection
	GlobalSection(ProjectConfigurationPlatforms) = postSolution
		{40A37CB9-D044-4565-AFD2-E287571CB415}.Debug|Any CPU.ActiveCfg = Debug|Any CPU
		{40A37CB9-D044-4565-AFD2-E287571CB415}.Debug|Any CPU.Build.0 = Debug|Any CPU
		{40A37CB9-D044-4565-AFD2-E287571CB415}.Debug|x64.ActiveCfg = Debug|Any CPU
		{40A37CB9-D044-4565-AFD2-E287571CB415}.Debug|x64.Build.0 = Debug|Any CPU
		{40A37CB9-D044-4565-AFD2-E287571CB415}.Debug|x86.ActiveCfg = Debug|Any CPU
		{40A37CB9-D044-4565-AFD2-E287571CB415}.Debug|x86.Build.0 = Debug|Any CPU
		{40A37CB9-D044-4565-AFD2-E287571CB415}.Release|Any CPU.ActiveCfg = Release|Any CPU
		{40A37CB9-D044-4565-AFD2-E287571CB415}.Release|Any CPU.Build.0 = Release|Any CPU
		{40A37CB9-D044-4565-AFD2-E287571CB415}.Release|x64.ActiveCfg = Release|Any CPU
		{40A37CB9-D044-4565-AFD2-E287571CB415}.Release|x64.Build.0 = Release|Any CPU
		{40A37CB9-D044-4565-AFD2-E287571CB415}.Release|x86.ActiveCfg = Release|Any CPU
		{40A37CB9-D044-4565-AFD2-E287571CB415}.Release|x86.Build.0 = Release|Any CPU
		{4888C537-BCDF-4774-8392-820F16F0CC43}.Debug|Any CPU.ActiveCfg = Debug|Any CPU
		{4888C537-BCDF-4774-8392-820F16F0CC43}.Debug|Any CPU.Build.0 = Debug|Any CPU
		{4888C537-BCDF-4774-8392-820F16F0CC43}.Debug|x64.ActiveCfg = Debug|Any CPU
		{4888C537-BCDF-4774-8392-820F16F0CC43}.Debug|x64.Build.0 = Debug|Any CPU
		{4888C537-BCDF-4774-8392-820F16F0CC43}.Debug|x86.ActiveCfg = Debug|Any CPU
		{4888C537-BCDF-4774-8392-820F16F0CC43}.Debug|x86.Build.0 = Debug|Any CPU
		{4888C537-BCDF-4774-8392-820F16F0CC43}.Release|Any CPU.ActiveCfg = Release|Any CPU
		{4888C537-BCDF-4774-8392-820F16F0CC43}.Release|Any CPU.Build.0 = Release|Any CPU
		{4888C537-BCDF-4774-8392-820F16F0CC43}.Release|x64.ActiveCfg = Release|Any CPU
		{4888C537-BCDF-4774-8392-820F16F0CC43}.Release|x64.Build.0 = Release|Any CPU
		{4888C537-BCDF-4774-8392-820F16F0CC43}.Release|x86.ActiveCfg = Release|Any CPU
		{4888C537-BCDF-4774-8392-820F16F0CC43}.Release|x86.Build.0 = Release|Any CPU
		{5BE123AC-E7AA-4F4C-8E23-91D9D9FA6C5A}.Debug|Any CPU.ActiveCfg = Debug|Any CPU
		{5BE123AC-E7AA-4F4C-8E23-91D9D9FA6C5A}.Debug|Any CPU.Build.0 = Debug|Any CPU
		{5BE123AC-E7AA-4F4C-8E23-91D9D9FA6C5A}.Debug|x64.ActiveCfg = Debug|Any CPU
		{5BE123AC-E7AA-4F4C-8E23-91D9D9FA6C5A}.Debug|x64.Build.0 = Debug|Any CPU
		{5BE123AC-E7AA-4F4C-8E23-91D9D9FA6C5A}.Debug|x86.ActiveCfg = Debug|Any CPU
		{5BE123AC-E7AA-4F4C-8E23-91D9D9FA6C5A}.Debug|x86.Build.0 = Debug|Any CPU
		{5BE123AC-E7AA-4F4C-8E23-91D9D9FA6C5A}.Release|Any CPU.ActiveCfg = Release|Any CPU
		{5BE123AC-E7AA-4F4C-8E23-91D9D9FA6C5A}.Release|Any CPU.Build.0 = Release|Any CPU
		{5BE123AC-E7AA-4F4C-8E23-91D9D9FA6C5A}.Release|x64.ActiveCfg = Release|Any CPU
		{5BE123AC-E7AA-4F4C-8E23-91D9D9FA6C5A}.Release|x64.Build.0 = Release|Any CPU
		{5BE123AC-E7AA-4F4C-8E23-91D9D9FA6C5A}.Release|x86.ActiveCfg = Release|Any CPU
		{5BE123AC-E7AA-4F4C-8E23-91D9D9FA6C5A}.Release|x86.Build.0 = Release|Any CPU
		{86D39582-EB72-41EF-85AB-3CFFB135BDF5}.Debug|Any CPU.ActiveCfg = Debug|Any CPU
		{86D39582-EB72-41EF-85AB-3CFFB135BDF5}.Debug|Any CPU.Build.0 = Debug|Any CPU
		{86D39582-EB72-41EF-85AB-3CFFB135BDF5}.Debug|x64.ActiveCfg = Debug|Any CPU
		{86D39582-EB72-41EF-85AB-3CFFB135BDF5}.Debug|x64.Build.0 = Debug|Any CPU
		{86D39582-EB72-41EF-85AB-3CFFB135BDF5}.Debug|x86.ActiveCfg = Debug|Any CPU
		{86D39582-EB72-41EF-85AB-3CFFB135BDF5}.Debug|x86.Build.0 = Debug|Any CPU
		{86D39582-EB72-41EF-85AB-3CFFB135BDF5}.Release|Any CPU.ActiveCfg = Release|Any CPU
		{86D39582-EB72-41EF-85AB-3CFFB135BDF5}.Release|Any CPU.Build.0 = Release|Any CPU
		{86D39582-EB72-41EF-85AB-3CFFB135BDF5}.Release|x64.ActiveCfg = Release|Any CPU
		{86D39582-EB72-41EF-85AB-3CFFB135BDF5}.Release|x64.Build.0 = Release|Any CPU
		{86D39582-EB72-41EF-85AB-3CFFB135BDF5}.Release|x86.ActiveCfg = Release|Any CPU
		{86D39582-EB72-41EF-85AB-3CFFB135BDF5}.Release|x86.Build.0 = Release|Any CPU
		{05EC36C1-3B00-4EDC-B733-83D9A5EA136C}.Debug|Any CPU.ActiveCfg = Debug|Any CPU
		{05EC36C1-3B00-4EDC-B733-83D9A5EA136C}.Debug|Any CPU.Build.0 = Debug|Any CPU
		{05EC36C1-3B00-4EDC-B733-83D9A5EA136C}.Debug|x64.ActiveCfg = Debug|Any CPU
		{05EC36C1-3B00-4EDC-B733-83D9A5EA136C}.Debug|x64.Build.0 = Debug|Any CPU
		{05EC36C1-3B00-4EDC-B733-83D9A5EA136C}.Debug|x86.ActiveCfg = Debug|Any CPU
		{05EC36C1-3B00-4EDC-B733-83D9A5EA136C}.Debug|x86.Build.0 = Debug|Any CPU
		{05EC36C1-3B00-4EDC-B733-83D9A5EA136C}.Release|Any CPU.ActiveCfg = Release|Any CPU
		{05EC36C1-3B00-4EDC-B733-83D9A5EA136C}.Release|Any CPU.Build.0 = Release|Any CPU
		{05EC36C1-3B00-4EDC-B733-83D9A5EA136C}.Release|x64.ActiveCfg = Release|Any CPU
		{05EC36C1-3B00-4EDC-B733-83D9A5EA136C}.Release|x64.Build.0 = Release|Any CPU
		{05EC36C1-3B00-4EDC-B733-83D9A5EA136C}.Release|x86.ActiveCfg = Release|Any CPU
		{05EC36C1-3B00-4EDC-B733-83D9A5EA136C}.Release|x86.Build.0 = Release|Any CPU
	EndGlobalSection
	GlobalSection(SolutionProperties) = preSolution
		HideSolutionNode = FALSE
	EndGlobalSection
	GlobalSection(NestedProjects) = preSolution
		{40A37CB9-D044-4565-AFD2-E287571CB415} = {827E0CD3-B72D-47B6-A68D-7590B98EB39B}
		{4888C537-BCDF-4774-8392-820F16F0CC43} = {827E0CD3-B72D-47B6-A68D-7590B98EB39B}
		{5BE123AC-E7AA-4F4C-8E23-91D9D9FA6C5A} = {827E0CD3-B72D-47B6-A68D-7590B98EB39B}
		{86D39582-EB72-41EF-85AB-3CFFB135BDF5} = {0AB3BF05-4346-4AA6-1389-037BE0695223}
		{05EC36C1-3B00-4EDC-B733-83D9A5EA136C} = {0AB3BF05-4346-4AA6-1389-037BE0695223}
	EndGlobalSection
EndGlobal
